
Microsoft Visual Studio Solution File, Format Version 12.00
# Visual Studio 15
VisualStudioVersion = 15.0.28307.329
MinimumVisualStudioVersion = 10.0.40219.1
Project("{FAE04EC0-301F-11D3-BF4B-00C04F79EFBC}") = "ClientServerTemplate.Android", "ClientServerTemplate\ClientServerTemplate.Android\ClientServerTemplate.Android.csproj", "{DE4BE0C2-4AC5-41AD-990C-B743BB877984}"
EndProject
Project("{FAE04EC0-301F-11D3-BF4B-00C04F79EFBC}") = "ClientServerTemplate.iOS", "ClientServerTemplate\ClientServerTemplate.iOS\ClientServerTemplate.iOS.csproj", "{3F44ECFB-493C-47F6-B850-A1CBE8A77682}"
EndProject
Project("{FAE04EC0-301F-11D3-BF4B-00C04F79EFBC}") = "ClientServerTemplate", "ClientServerTemplate\ClientServerTemplate\ClientServerTemplate.csproj", "{3936868F-19B8-4739-965D-80D012595374}"
EndProject
Global
	GlobalSection(SolutionConfigurationPlatforms) = preSolution
		Ad-Hoc|Any CPU = Ad-Hoc|Any CPU
		Ad-Hoc|iPhone = Ad-Hoc|iPhone
		Ad-Hoc|iPhoneSimulator = Ad-Hoc|iPhoneSimulator
		AppStore|Any CPU = AppStore|Any CPU
		AppStore|iPhone = AppStore|iPhone
		AppStore|iPhoneSimulator = AppStore|iPhoneSimulator
		Debug|Any CPU = Debug|Any CPU
		Debug|iPhone = Debug|iPhone
		Debug|iPhoneSimulator = Debug|iPhoneSimulator
		Release|Any CPU = Release|Any CPU
		Release|iPhone = Release|iPhone
		Release|iPhoneSimulator = Release|iPhoneSimulator
	EndGlobalSection
	GlobalSection(ProjectConfigurationPlatforms) = postSolution
		{DE4BE0C2-4AC5-41AD-990C-B743BB877984}.Ad-Hoc|Any CPU.ActiveCfg = Release|Any CPU
		{DE4BE0C2-4AC5-41AD-990C-B743BB877984}.Ad-Hoc|Any CPU.Build.0 = Release|Any CPU
		{DE4BE0C2-4AC5-41AD-990C-B743BB877984}.Ad-Hoc|Any CPU.Deploy.0 = Release|Any CPU
		{DE4BE0C2-4AC5-41AD-990C-B743BB877984}.Ad-Hoc|iPhone.ActiveCfg = Release|Any CPU
		{DE4BE0C2-4AC5-41AD-990C-B743BB877984}.Ad-Hoc|iPhone.Build.0 = Release|Any CPU
		{DE4BE0C2-4AC5-41AD-990C-B743BB877984}.Ad-Hoc|iPhone.Deploy.0 = Release|Any CPU
		{DE4BE0C2-4AC5-41AD-990C-B743BB877984}.Ad-Hoc|iPhoneSimulator.ActiveCfg = Release|Any CPU
		{DE4BE0C2-4AC5-41AD-990C-B743BB877984}.Ad-Hoc|iPhoneSimulator.Build.0 = Release|Any CPU
		{DE4BE0C2-4AC5-41AD-990C-B743BB877984}.Ad-Hoc|iPhoneSimulator.Deploy.0 = Release|Any CPU
		{DE4BE0C2-4AC5-41AD-990C-B743BB877984}.AppStore|Any CPU.ActiveCfg = Release|Any CPU
		{DE4BE0C2-4AC5-41AD-990C-B743BB877984}.AppStore|Any CPU.Build.0 = Release|Any CPU
		{DE4BE0C2-4AC5-41AD-990C-B743BB877984}.AppStore|Any CPU.Deploy.0 = Release|Any CPU
		{DE4BE0C2-4AC5-41AD-990C-B743BB877984}.AppStore|iPhone.ActiveCfg = Release|Any CPU
		{DE4BE0C2-4AC5-41AD-990C-B743BB877984}.AppStore|iPhone.Build.0 = Release|Any CPU
		{DE4BE0C2-4AC5-41AD-990C-B743BB877984}.AppStore|iPhone.Deploy.0 = Release|Any CPU
		{DE4BE0C2-4AC5-41AD-990C-B743BB877984}.AppStore|iPhoneSimulator.ActiveCfg = Release|Any CPU
		{DE4BE0C2-4AC5-41AD-990C-B743BB877984}.AppStore|iPhoneSimulator.Build.0 = Release|Any CPU
		{DE4BE0C2-4AC5-41AD-990C-B743BB877984}.AppStore|iPhoneSimulator.Deploy.0 = Release|Any CPU
		{DE4BE0C2-4AC5-41AD-990C-B743BB877984}.Debug|Any CPU.ActiveCfg = Debug|Any CPU
		{DE4BE0C2-4AC5-41AD-990C-B743BB877984}.Debug|Any CPU.Build.0 = Debug|Any CPU
		{DE4BE0C2-4AC5-41AD-990C-B743BB877984}.Debug|Any CPU.Deploy.0 = Debug|Any CPU
		{DE4BE0C2-4AC5-41AD-990C-B743BB877984}.Debug|iPhone.ActiveCfg = Debug|Any CPU
		{DE4BE0C2-4AC5-41AD-990C-B743BB877984}.Debug|iPhone.Build.0 = Debug|Any CPU
		{DE4BE0C2-4AC5-41AD-990C-B743BB877984}.Debug|iPhone.Deploy.0 = Debug|Any CPU
		{DE4BE0C2-4AC5-41AD-990C-B743BB877984}.Debug|iPhoneSimulator.ActiveCfg = Debug|Any CPU
		{DE4BE0C2-4AC5-41AD-990C-B743BB877984}.Debug|iPhoneSimulator.Build.0 = Debug|Any CPU
		{DE4BE0C2-4AC5-41AD-990C-B743BB877984}.Debug|iPhoneSimulator.Deploy.0 = Debug|Any CPU
		{DE4BE0C2-4AC5-41AD-990C-B743BB877984}.Release|Any CPU.ActiveCfg = Release|Any CPU
		{DE4BE0C2-4AC5-41AD-990C-B743BB877984}.Release|Any CPU.Build.0 = Release|Any CPU
		{DE4BE0C2-4AC5-41AD-990C-B743BB877984}.Release|Any CPU.Deploy.0 = Release|Any CPU
		{DE4BE0C2-4AC5-41AD-990C-B743BB877984}.Release|iPhone.ActiveCfg = Release|Any CPU
		{DE4BE0C2-4AC5-41AD-990C-B743BB877984}.Release|iPhone.Build.0 = Release|Any CPU
		{DE4BE0C2-4AC5-41AD-990C-B743BB877984}.Release|iPhone.Deploy.0 = Release|Any CPU
		{DE4BE0C2-4AC5-41AD-990C-B743BB877984}.Release|iPhoneSimulator.ActiveCfg = Release|Any CPU
		{DE4BE0C2-4AC5-41AD-990C-B743BB877984}.Release|iPhoneSimulator.Build.0 = Release|Any CPU
		{DE4BE0C2-4AC5-41AD-990C-B743BB877984}.Release|iPhoneSimulator.Deploy.0 = Release|Any CPU
		{3F44ECFB-493C-47F6-B850-A1CBE8A77682}.Ad-Hoc|Any CPU.ActiveCfg = Ad-Hoc|iPhone
		{3F44ECFB-493C-47F6-B850-A1CBE8A77682}.Ad-Hoc|Any CPU.Build.0 = Ad-Hoc|iPhone
		{3F44ECFB-493C-47F6-B850-A1CBE8A77682}.Ad-Hoc|Any CPU.Deploy.0 = Ad-Hoc|iPhone
		{3F44ECFB-493C-47F6-B850-A1CBE8A77682}.Ad-Hoc|iPhone.ActiveCfg = Ad-Hoc|iPhone
		{3F44ECFB-493C-47F6-B850-A1CBE8A77682}.Ad-Hoc|iPhone.Build.0 = Ad-Hoc|iPhone
		{3F44ECFB-493C-47F6-B850-A1CBE8A77682}.Ad-Hoc|iPhone.Deploy.0 = Ad-Hoc|iPhone
		{3F44ECFB-493C-47F6-B850-A1CBE8A77682}.Ad-Hoc|iPhoneSimulator.ActiveCfg = Ad-Hoc|iPhoneSimulator
		{3F44ECFB-493C-47F6-B850-A1CBE8A77682}.Ad-Hoc|iPhoneSimulator.Build.0 = Ad-Hoc|iPhoneSimulator
		{3F44ECFB-493C-47F6-B850-A1CBE8A77682}.Ad-Hoc|iPhoneSimulator.Deploy.0 = Ad-Hoc|iPhoneSimulator
		{3F44ECFB-493C-47F6-B850-A1CBE8A77682}.AppStore|Any CPU.ActiveCfg = AppStore|iPhone
		{3F44ECFB-493C-47F6-B850-A1CBE8A77682}.AppStore|Any CPU.Build.0 = AppStore|iPhone
		{3F44ECFB-493C-47F6-B850-A1CBE8A77682}.AppStore|Any CPU.Deploy.0 = AppStore|iPhone
		{3F44ECFB-493C-47F6-B850-A1CBE8A77682}.AppStore|iPhone.ActiveCfg = AppStore|iPhone
		{3F44ECFB-493C-47F6-B850-A1CBE8A77682}.AppStore|iPhone.Build.0 = AppStore|iPhone
		{3F44ECFB-493C-47F6-B850-A1CBE8A77682}.AppStore|iPhone.Deploy.0 = AppStore|iPhone
		{3F44ECFB-493C-47F6-B850-A1CBE8A77682}.AppStore|iPhoneSimulator.ActiveCfg = AppStore|iPhoneSimulator
		{3F44ECFB-493C-47F6-B850-A1CBE8A77682}.AppStore|iPhoneSimulator.Build.0 = AppStore|iPhoneSimulator
		{3F44ECFB-493C-47F6-B850-A1CBE8A77682}.AppStore|iPhoneSimulator.Deploy.0 = AppStore|iPhoneSimulator
		{3F44ECFB-493C-47F6-B850-A1CBE8A77682}.Debug|Any CPU.ActiveCfg = Debug|iPhoneSimulator
		{3F44ECFB-493C-47F6-B850-A1CBE8A77682}.Debug|Any CPU.Build.0 = Debug|iPhoneSimulator
		{3F44ECFB-493C-47F6-B850-A1CBE8A77682}.Debug|Any CPU.Deploy.0 = Debug|iPhoneSimulator
		{3F44ECFB-493C-47F6-B850-A1CBE8A77682}.Debug|iPhone.ActiveCfg = Debug|iPhone
		{3F44ECFB-493C-47F6-B850-A1CBE8A77682}.Debug|iPhone.Build.0 = Debug|iPhone
		{3F44ECFB-493C-47F6-B850-A1CBE8A77682}.Debug|iPhone.Deploy.0 = Debug|iPhone
		{3F44ECFB-493C-47F6-B850-A1CBE8A77682}.Debug|iPhoneSimulator.ActiveCfg = Debug|iPhoneSimulator
		{3F44ECFB-493C-47F6-B850-A1CBE8A77682}.Debug|iPhoneSimulator.Build.0 = Debug|iPhoneSimulator
		{3F44ECFB-493C-47F6-B850-A1CBE8A77682}.Debug|iPhoneSimulator.Deploy.0 = Debug|iPhoneSimulator
		{3F44ECFB-493C-47F6-B850-A1CBE8A77682}.Release|Any CPU.ActiveCfg = Release|iPhone
		{3F44ECFB-493C-47F6-B850-A1CBE8A77682}.Release|Any CPU.Build.0 = Release|iPhone
		{3F44ECFB-493C-47F6-B850-A1CBE8A77682}.Release|Any CPU.Deploy.0 = Release|iPhone
		{3F44ECFB-493C-47F6-B850-A1CBE8A77682}.Release|iPhone.ActiveCfg = Release|iPhone
		{3F44ECFB-493C-47F6-B850-A1CBE8A77682}.Release|iPhone.Build.0 = Release|iPhone
		{3F44ECFB-493C-47F6-B850-A1CBE8A77682}.Release|iPhone.Deploy.0 = Release|iPhone
		{3F44ECFB-493C-47F6-B850-A1CBE8A77682}.Release|iPhoneSimulator.ActiveCfg = Release|iPhoneSimulator
		{3F44ECFB-493C-47F6-B850-A1CBE8A77682}.Release|iPhoneSimulator.Build.0 = Release|iPhoneSimulator
		{3F44ECFB-493C-47F6-B850-A1CBE8A77682}.Release|iPhoneSimulator.Deploy.0 = Release|iPhoneSimulator
		{3936868F-19B8-4739-965D-80D012595374}.Ad-Hoc|Any CPU.ActiveCfg = Debug|Any CPU
		{3936868F-19B8-4739-965D-80D012595374}.Ad-Hoc|Any CPU.Build.0 = Debug|Any CPU
		{3936868F-19B8-4739-965D-80D012595374}.Ad-Hoc|Any CPU.Deploy.0 = Debug|Any CPU
		{3936868F-19B8-4739-965D-80D012595374}.Ad-Hoc|iPhone.ActiveCfg = Debug|Any CPU
		{3936868F-19B8-4739-965D-80D012595374}.Ad-Hoc|iPhone.Build.0 = Debug|Any CPU
		{3936868F-19B8-4739-965D-80D012595374}.Ad-Hoc|iPhone.Deploy.0 = Debug|Any CPU
		{3936868F-19B8-4739-965D-80D012595374}.Ad-Hoc|iPhoneSimulator.ActiveCfg = Debug|Any CPU
		{3936868F-19B8-4739-965D-80D012595374}.Ad-Hoc|iPhoneSimulator.Build.0 = Debug|Any CPU
		{3936868F-19B8-4739-965D-80D012595374}.Ad-Hoc|iPhoneSimulator.Deploy.0 = Debug|Any CPU
		{3936868F-19B8-4739-965D-80D012595374}.AppStore|Any CPU.ActiveCfg = Debug|Any CPU
		{3936868F-19B8-4739-965D-80D012595374}.AppStore|Any CPU.Build.0 = Debug|Any CPU
		{3936868F-19B8-4739-965D-80D012595374}.AppStore|Any CPU.Deploy.0 = Debug|Any CPU
		{3936868F-19B8-4739-965D-80D012595374}.AppStore|iPhone.ActiveCfg = Debug|Any CPU
		{3936868F-19B8-4739-965D-80D012595374}.AppStore|iPhone.Build.0 = Debug|Any CPU
		{3936868F-19B8-4739-965D-80D012595374}.AppStore|iPhone.Deploy.0 = Debug|Any CPU
		{3936868F-19B8-4739-965D-80D012595374}.AppStore|iPhoneSimulator.ActiveCfg = Debug|Any CPU
		{3936868F-19B8-4739-965D-80D012595374}.AppStore|iPhoneSimulator.Build.0 = Debug|Any CPU
		{3936868F-19B8-4739-965D-80D012595374}.AppStore|iPhoneSimulator.Deploy.0 = Debug|Any CPU
		{3936868F-19B8-4739-965D-80D012595374}.Debug|Any CPU.ActiveCfg = Debug|Any CPU
		{3936868F-19B8-4739-965D-80D012595374}.Debug|Any CPU.Build.0 = Debug|Any CPU
		{3936868F-19B8-4739-965D-80D012595374}.Debug|Any CPU.Deploy.0 = Debug|Any CPU
		{3936868F-19B8-4739-965D-80D012595374}.Debug|iPhone.ActiveCfg = Debug|Any CPU
		{3936868F-19B8-4739-965D-80D012595374}.Debug|iPhone.Build.0 = Debug|Any CPU
		{3936868F-19B8-4739-965D-80D012595374}.Debug|iPhone.Deploy.0 = Debug|Any CPU
		{3936868F-19B8-4739-965D-80D012595374}.Debug|iPhoneSimulator.ActiveCfg = Debug|Any CPU
		{3936868F-19B8-4739-965D-80D012595374}.Debug|iPhoneSimulator.Build.0 = Debug|Any CPU
		{3936868F-19B8-4739-965D-80D012595374}.Debug|iPhoneSimulator.Deploy.0 = Debug|Any CPU
		{3936868F-19B8-4739-965D-80D012595374}.Release|Any CPU.ActiveCfg = Release|Any CPU
		{3936868F-19B8-4739-965D-80D012595374}.Release|Any CPU.Build.0 = Release|Any CPU
		{3936868F-19B8-4739-965D-80D012595374}.Release|Any CPU.Deploy.0 = Release|Any CPU
		{3936868F-19B8-4739-965D-80D012595374}.Release|iPhone.ActiveCfg = Release|Any CPU
		{3936868F-19B8-4739-965D-80D012595374}.Release|iPhone.Build.0 = Release|Any CPU
		{3936868F-19B8-4739-965D-80D012595374}.Release|iPhone.Deploy.0 = Release|Any CPU
		{3936868F-19B8-4739-965D-80D012595374}.Release|iPhoneSimulator.ActiveCfg = Release|Any CPU
		{3936868F-19B8-4739-965D-80D012595374}.Release|iPhoneSimulator.Build.0 = Release|Any CPU
		{3936868F-19B8-4739-965D-80D012595374}.Release|iPhoneSimulator.Deploy.0 = Release|Any CPU
	EndGlobalSection
	GlobalSection(SolutionProperties) = preSolution
		HideSolutionNode = FALSE
	EndGlobalSection
	GlobalSection(ExtensibilityGlobals) = postSolution
		SolutionGuid = {5C466B94-C1D0-453F-9E62-99F6E3977BC6}
	EndGlobalSection
EndGlobal
